
Microsoft Visual Studio Solution File, Format Version 12.00
# Visual Studio 15
VisualStudioVersion = 15.0.26430.12
MinimumVisualStudioVersion = 10.0.40219.1
Project("{FAE04EC0-301F-11D3-BF4B-00C04F79EFBC}") = "ReflectionTest", "ReflectionTest\ReflectionTest.csproj", "{B3F7C70C-7433-4473-B711-E3661A5157FD}"
EndProject
Project("{FAE04EC0-301F-11D3-BF4B-00C04F79EFBC}") = "ReflectionDemo", "ReflectionDemo\ReflectionDemo.csproj", "{F4173AF4-9904-48FD-B9BC-1AB02C5C0BD6}"
EndProject
Global
	GlobalSection(SolutionConfigurationPlatforms) = preSolution
		Debug|Any CPU = Debug|Any CPU
		Release|Any CPU = Release|Any CPU
	EndGlobalSection
	GlobalSection(ProjectConfigurationPlatforms) = postSolution
		{B3F7C70C-7433-4473-B711-E3661A5157FD}.Debug|Any CPU.ActiveCfg = Debug|Any CPU
		{B3F7C70C-7433-4473-B711-E3661A5157FD}.Debug|Any CPU.Build.0 = Debug|Any CPU
		{B3F7C70C-7433-4473-B711-E3661A5157FD}.Release|Any CPU.ActiveCfg = Release|Any CPU
		{B3F7C70C-7433-4473-B711-E3661A5157FD}.Release|Any CPU.Build.0 = Release|Any CPU
		{F4173AF4-9904-48FD-B9BC-1AB02C5C0BD6}.Debug|Any CPU.ActiveCfg = Debug|Any CPU
		{F4173AF4-9904-48FD-B9BC-1AB02C5C0BD6}.Debug|Any CPU.Build.0 = Debug|Any CPU
		{F4173AF4-9904-48FD-B9BC-1AB02C5C0BD6}.Release|Any CPU.ActiveCfg = Release|Any CPU
		{F4173AF4-9904-48FD-B9BC-1AB02C5C0BD6}.Release|Any CPU.Build.0 = Release|Any CPU
	EndGlobalSection
	GlobalSection(SolutionProperties) = preSolution
		HideSolutionNode = FALSE
	EndGlobalSection
EndGlobal
